
Microsoft Visual Studio Solution File, Format Version 12.00
# Visual Studio Version 16
VisualStudioVersion = 16.0.29424.173
MinimumVisualStudioVersion = 10.0.40219.1
Project("{FAE04EC0-301F-11D3-BF4B-00C04F79EFBC}") = "task3", "task3\task3.csproj", "{CD4D3CE3-721A-4288-9538-035608221666}"
EndProject
Global
	GlobalSection(SolutionConfigurationPlatforms) = preSolution
		Debug|Any CPU = Debug|Any CPU
		Release|Any CPU = Release|Any CPU
	EndGlobalSection
	GlobalSection(ProjectConfigurationPlatforms) = postSolution
		{CD4D3CE3-721A-4288-9538-035608221666}.Debug|Any CPU.ActiveCfg = Debug|Any CPU
		{CD4D3CE3-721A-4288-9538-035608221666}.Debug|Any CPU.Build.0 = Debug|Any CPU
		{CD4D3CE3-721A-4288-9538-035608221666}.Release|Any CPU.ActiveCfg = Release|Any CPU
		{CD4D3CE3-721A-4288-9538-035608221666}.Release|Any CPU.Build.0 = Release|Any CPU
	EndGlobalSection
	GlobalSection(SolutionProperties) = preSolution
		HideSolutionNode = FALSE
	EndGlobalSection
	GlobalSection(ExtensibilityGlobals) = postSolution
		SolutionGuid = {10777947-D338-48D3-A964-1354CDF9D5A6}
	EndGlobalSection
EndGlobal
